PODS:
  - Flutter (1.0.0)
  - supertonic_flutter (0.0.1):
    - Flutter

DEPENDENCIES:
  - Flutter (from `Flutter`)
  - supertonic_flutter (from `.symlinks/plugins/supertonic_flutter/ios`)

EXTERNAL SOURCES:
  Flutter:
    :path: Flutter
  supertonic_flutter:
    :path: ".symlinks/plugins/supertonic_flutter/ios"

SPEC CHECKSUMS:
  Flutter: cabc95a1d2626b1b06e7179b784ebcf0c0cde467
  supertonic_flutter: e76006bfbe41d7f49911bc365666bbf073b4ab53

PODFILE CHECKSUM: c0915517eae1a513480956f02c7781054ca94770

COCOAPODS: 1.16.2
